Microsoft Visual Studio Solution File, Format Version 12.00
# Visual Studio Version 17
VisualStudioVersion = 17.5.2.0
MinimumVisualStudioVersion = 10.0.40219.1
Project("{FAE04EC0-301F-11D3-BF4B-00C04F79EFBC}") = "TranDangKhoa_2121050661_KiemTra_2425", "TranDangKhoa_2121050661_KiemTra_2425.csproj", "{0FFD077D-CA1C-C490-813A-0B2473EF76E5}"
EndProject
Global
	GlobalSection(SolutionConfigurationPlatforms) = preSolution
		Debug|Any CPU = Debug|Any CPU
		Release|Any CPU = Release|Any CPU
	EndGlobalSection
	GlobalSection(ProjectConfigurationPlatforms) = postSolution
		{0FFD077D-CA1C-C490-813A-0B2473EF76E5}.Debug|Any CPU.ActiveCfg = Debug|Any CPU
		{0FFD077D-CA1C-C490-813A-0B2473EF76E5}.Debug|Any CPU.Build.0 = Debug|Any CPU
		{0FFD077D-CA1C-C490-813A-0B2473EF76E5}.Release|Any CPU.ActiveCfg = Release|Any CPU
		{0FFD077D-CA1C-C490-813A-0B2473EF76E5}.Release|Any CPU.Build.0 = Release|Any CPU
	EndGlobalSection
	GlobalSection(SolutionProperties) = preSolution
		HideSolutionNode = FALSE
	EndGlobalSection
	GlobalSection(ExtensibilityGlobals) = postSolution
		SolutionGuid = {DE0C4344-A873-4815-8B86-74A0F0225B0F}
	EndGlobalSection
EndGlobal
